
Microsoft Visual Studio Solution File, Format Version 12.00
# Visual Studio Version 17
VisualStudioVersion = 17.11.35327.3
MinimumVisualStudioVersion = 10.0.40219.1
Project("{9A19103F-16F7-4668-BE54-9A1E7A4F7556}") = "RentAndSell.Car.API", "RentAndSell.Car.API\RentAndSell.Car.API.csproj", "{F77F1442-673E-482D-8646-68D0C208E304}"
EndProject
Project("{9A19103F-16F7-4668-BE54-9A1E7A4F7556}") = "RentAndSell.Car.ConsoleApp", "RentAndSell.Car.ConsoleApp\RentAndSell.Car.ConsoleApp.csproj", "{FF52A4E7-C86D-4FE8-985B-F327A0A6155C}"
EndProject
Project("{FAE04EC0-301F-11D3-BF4B-00C04F79EFBC}") = "RentAndSell.Car.FormApp", "RentAndSell.Car.FormApp\RentAndSell.Car.FormApp.csproj", "{A3FAEFCD-62D7-43E3-B0F7-E30E3AA28718}"
EndProject
Global
	GlobalSection(SolutionConfigurationPlatforms) = preSolution
		Debug|Any CPU = Debug|Any CPU
		Release|Any CPU = Release|Any CPU
	EndGlobalSection
	GlobalSection(ProjectConfigurationPlatforms) = postSolution
		{F77F1442-673E-482D-8646-68D0C208E304}.Debug|Any CPU.ActiveCfg = Debug|Any CPU
		{F77F1442-673E-482D-8646-68D0C208E304}.Debug|Any CPU.Build.0 = Debug|Any CPU
		{F77F1442-673E-482D-8646-68D0C208E304}.Release|Any CPU.ActiveCfg = Release|Any CPU
		{F77F1442-673E-482D-8646-68D0C208E304}.Release|Any CPU.Build.0 = Release|Any CPU
		{FF52A4E7-C86D-4FE8-985B-F327A0A6155C}.Debug|Any CPU.ActiveCfg = Debug|Any CPU
		{FF52A4E7-C86D-4FE8-985B-F327A0A6155C}.Debug|Any CPU.Build.0 = Debug|Any CPU
		{FF52A4E7-C86D-4FE8-985B-F327A0A6155C}.Release|Any CPU.ActiveCfg = Release|Any CPU
		{FF52A4E7-C86D-4FE8-985B-F327A0A6155C}.Release|Any CPU.Build.0 = Release|Any CPU
		{A3FAEFCD-62D7-43E3-B0F7-E30E3AA28718}.Debug|Any CPU.ActiveCfg = Debug|Any CPU
		{A3FAEFCD-62D7-43E3-B0F7-E30E3AA28718}.Debug|Any CPU.Build.0 = Debug|Any CPU
		{A3FAEFCD-62D7-43E3-B0F7-E30E3AA28718}.Release|Any CPU.ActiveCfg = Release|Any CPU
		{A3FAEFCD-62D7-43E3-B0F7-E30E3AA28718}.Release|Any CPU.Build.0 = Release|Any CPU
	EndGlobalSection
	GlobalSection(SolutionProperties) = preSolution
		HideSolutionNode = FALSE
	EndGlobalSection
	GlobalSection(ExtensibilityGlobals) = postSolution
		SolutionGuid = {DE364DE0-6D89-49B8-850F-4640F6F0C96F}
	EndGlobalSection
EndGlobal
